
Microsoft Visual Studio Solution File, Format Version 12.00
# Visual Studio 15
VisualStudioVersion = 15.0.26730.12
MinimumVisualStudioVersion = 10.0.40219.1
Project("{FAE04EC0-301F-11D3-BF4B-00C04F79EFBC}") = "MyAppMVC", "MyAppMVC\MyAppMVC.csproj", "{19217212-B6FC-4BAE-92B2-A96522719CDA}"
EndProject
Project("{FAE04EC0-301F-11D3-BF4B-00C04F79EFBC}") = "MyAppMVC.Tests", "MyAppMVC.Tests\MyAppMVC.Tests.csproj", "{D5C56529-9E8D-42D1-BF14-93B2B8F380A9}"
EndProject
Global
	GlobalSection(SolutionConfigurationPlatforms) = preSolution
		Debug|Any CPU = Debug|Any CPU
		Release|Any CPU = Release|Any CPU
	EndGlobalSection
	GlobalSection(ProjectConfigurationPlatforms) = postSolution
		{19217212-B6FC-4BAE-92B2-A96522719CDA}.Debug|Any CPU.ActiveCfg = Debug|Any CPU
		{19217212-B6FC-4BAE-92B2-A96522719CDA}.Debug|Any CPU.Build.0 = Debug|Any CPU
		{19217212-B6FC-4BAE-92B2-A96522719CDA}.Release|Any CPU.ActiveCfg = Release|Any CPU
		{19217212-B6FC-4BAE-92B2-A96522719CDA}.Release|Any CPU.Build.0 = Release|Any CPU
		{D5C56529-9E8D-42D1-BF14-93B2B8F380A9}.Debug|Any CPU.ActiveCfg = Debug|Any CPU
		{D5C56529-9E8D-42D1-BF14-93B2B8F380A9}.Debug|Any CPU.Build.0 = Debug|Any CPU
		{D5C56529-9E8D-42D1-BF14-93B2B8F380A9}.Release|Any CPU.ActiveCfg = Release|Any CPU
		{D5C56529-9E8D-42D1-BF14-93B2B8F380A9}.Release|Any CPU.Build.0 = Release|Any CPU
	EndGlobalSection
	GlobalSection(SolutionProperties) = preSolution
		HideSolutionNode = FALSE
	EndGlobalSection
	GlobalSection(ExtensibilityGlobals) = postSolution
		SolutionGuid = {00059788-BD91-4BD8-B8E7-D82DC474BA2E}
	EndGlobalSection
EndGlobal
